{
  "nodes": {
    "ags": {
      "inputs": {
        "astal": "astal",
        "nixpkgs": [
          "hyprpanel",
          "nixpkgs"
        ]
      },
      "locked": {
        "lastModified": 1736090999,
        "narHash": "sha256-B5CJuHqfJrzPa7tObK0H9669/EClSHpa/P7B9EuvElU=",
        "owner": "aylur",
        "repo": "ags",
        "rev": "5527c3c07d92c11e04e7fd99d58429493dba7e3c",
        "type": "github"
      },
      "original": {
        "owner": "aylur",
        "repo": "ags",
        "type": "github"
      }
    },
    "astal": {
      "inputs": {
        "nixpkgs": [
          "hyprpanel",
          "ags",
          "nixpkgs"
        ]
      },
      "locked": {
        "lastModified": 1735172721,
        "narHash": "sha256-rtEAwGsHSppnkR3Qg3eRJ6Xh/F84IY9CrBBLzYabalY=",
        "owner": "aylur",
        "repo": "astal",
        "rev": "6c84b64efc736e039a8a10774a4a1bf772c37aa2",
        "type": "github"
      },
      "original": {
        "owner": "aylur",
        "repo": "astal",
        "type": "github"
      }
    },
    "emacs-overlay": {
      "inputs": {
        "nixpkgs": "nixpkgs",
        "nixpkgs-stable": "nixpkgs-stable"
      },
      "locked": {
        "lastModified": 1744161704,
        "narHash": "sha256-aG2UxceithmxLb5rnOcB7js4afI7dFqOASE/2eaPs58=",
        "owner": "nix-community",
        "repo": "emacs-overlay",
        "rev": "bfa6ce27bfad29111f7316113a64c9eae274387b",
        "type": "github"
      },
      "original": {
        "owner": "nix-community",
        "repo": "emacs-overlay",
        "type": "github"
      }
    },
    "home-manager": {
      "inputs": {
        "nixpkgs": [
          "nixpkgs"
        ]
      },
      "locked": {
        "lastModified": 1744138333,
        "narHash": "sha256-l0Vjq1EZoYTfWImVmwsvMEuIdasrBRRCoNTV0rNtYi0=",
        "owner": "nix-community",
        "repo": "home-manager",
        "rev": "760eed59594f2f258db0d66b7ca4a5138681fd97",
        "type": "github"
      },
      "original": {
        "owner": "nix-community",
        "repo": "home-manager",
        "type": "github"
      }
    },
    "hyprpanel": {
      "inputs": {
        "ags": "ags",
        "nixpkgs": [
          "nixpkgs"
        ]
      },
      "locked": {
        "lastModified": 1744085671,
        "narHash": "sha256-u2y/IRs0zfIsiCyKsdpDjQMtmMEgjxSJ00MeHtgqsrY=",
        "owner": "Jas-SinghFSU",
        "repo": "HyprPanel",
        "rev": "a48b072b53a9ed2490867e366ea31c019a117fd1",
        "type": "github"
      },
      "original": {
        "owner": "Jas-SinghFSU",
        "repo": "HyprPanel",
        "type": "github"
      }
    },
    "nixpkgs": {
      "locked": {
        "lastModified": 1743964447,
        "narHash": "sha256-nEo1t3Q0F+0jQ36HJfbJtiRU4OI+/0jX/iITURKe3EE=",
        "owner": "NixOS",
        "repo": "nixpkgs",
        "rev": "063dece00c5a77e4a0ea24e5e5a5bd75232806f8",
        "type": "github"
      },
      "original": {
        "owner": "NixOS",
        "ref": "nixos-unstable",
        "repo": "nixpkgs",
        "type": "github"
      }
    },
    "nixpkgs-stable": {
      "locked": {
        "lastModified": 1743975612,
        "narHash": "sha256-o4FjFOUmjSRMK7dn0TFdAT0RRWUWD+WsspPHa+qEQT8=",
        "owner": "NixOS",
        "repo": "nixpkgs",
        "rev": "a880f49904d68b5e53338d1e8c7bf80f59903928",
        "type": "github"
      },
      "original": {
        "owner": "NixOS",
        "ref": "nixos-24.11",
        "repo": "nixpkgs",
        "type": "github"
      }
    },
    "nixpkgs_2": {
      "locked": {
        "lastModified": 1741071487,
        "narHash": "sha256-HPHBloUnEEQieTaeHXBYb9FXvOB4lrgYoEtIJjIKY58=",
        "owner": "nixos",
        "repo": "nixpkgs",
        "rev": "8072da51328d54e5d5469bd0efd85a59cd288db3",
        "type": "github"
      },
      "original": {
        "owner": "nixos",
        "repo": "nixpkgs",
        "rev": "8072da51328d54e5d5469bd0efd85a59cd288db3",
        "type": "github"
      }
    },
    "root": {
      "inputs": {
        "emacs-overlay": "emacs-overlay",
        "home-manager": "home-manager",
        "hyprpanel": "hyprpanel",
        "nixpkgs": "nixpkgs_2"
      }
    }
  },
  "root": "root",
  "version": 7
}
